lockfileVersion: '9.0'

settings:
  autoInstallPeers: false
  excludeLinksFromLockfile: false

importers:

  .:
    devDependencies:
      '@types/bun':
        specifier: ^1.3.13
        version: 1.3.13
      '@types/deno':
        specifier: ^2.5.0
        version: 2.5.0
      '@types/node':
        specifier: ^25.7.0
        version: 25.7.0
      prettier:
        specifier: ^3.8.3
        version: 3.8.3
      typescript:
        specifier: ^6.0.3
        version: 6.0.3

packages:

  '@types/bun@1.3.13':
    resolution: {integrity: sha512-9fqXWk5YIHGGnUau9TEi+qdlTYDAnOj+xLCmSTwXfAIqXr2x4tytJb43E9uCvt09zJURKXwAtkoH4nLQfzeTXw==}

  '@types/deno@2.5.0':
    resolution: {integrity: sha512-g8JS38vmc0S87jKsFzre+0ZyMOUDHPVokEJymSCRlL57h6f/FdKPWBXgdFh3Z8Ees9sz11qt9VWELU9Y9ZkiVw==}

  '@types/node@25.6.2':
    resolution: {integrity: sha512-sokuT28dxf9JT5Kady1fsXOvI4HVpjZa95NKT5y9PNTIrs2AsobR4GFAA90ZG8M+nxVRLysCXsVj6eGC7Vbrlw==}

  '@types/node@25.7.0':
    resolution: {integrity: sha512-z+pdZyxE+RTQE9AcboAZCb4otwcrvgHD+GlBpPgn0emDVt0ohrTMhAwlr2Wd9nZ+nihhYFxO2pThz3C5qSu2Eg==}

  bun-types@1.3.13:
    resolution: {integrity: sha512-QXKeHLlOLqQX9LgYaHJfzdBaV21T63HhFJnvuRCcjZiaUDpbs5ED1MgxbMra71CsryN/1dAoXuJJJwIv/2drVA==}

  prettier@3.8.3:
    resolution: {integrity: sha512-7igPTM53cGHMW8xWuVTydi2KO233VFiTNyF5hLJqpilHfmn8C8gPf+PS7dUT64YcXFbiMGZxS9pCSxL/Dxm/Jw==}
    engines: {node: '>=14'}
    hasBin: true

  typescript@6.0.3:
    resolution: {integrity: sha512-y2TvuxSZPDyQakkFRPZHKFm+KKVqIisdg9/CZwm9ftvKXLP8NRWj38/ODjNbr43SsoXqNuAisEf1GdCxqWcdBw==}
    engines: {node: '>=14.17'}
    hasBin: true

  undici-types@7.19.2:
    resolution: {integrity: sha512-qYVnV5OEm2AW8cJMCpdV20CDyaN3g0AjDlOGf1OW4iaDEx8MwdtChUp4zu4H0VP3nDRF/8RKWH+IPp9uW0YGZg==}

  undici-types@7.21.0:
    resolution: {integrity: sha512-w9IMgQrz4O0YN1LtB7K5P63vhlIOvC7opSmouCJ+ZywlPAlO9gIkJ+otk6LvGpAs2wg4econaCz3TvQ9xPoyuQ==}

snapshots:

  '@types/bun@1.3.13':
    dependencies:
      bun-types: 1.3.13

  '@types/deno@2.5.0': {}

  '@types/node@25.6.2':
    dependencies:
      undici-types: 7.19.2

  '@types/node@25.7.0':
    dependencies:
      undici-types: 7.21.0

  bun-types@1.3.13:
    dependencies:
      '@types/node': 25.6.2

  prettier@3.8.3: {}

  typescript@6.0.3: {}

  undici-types@7.19.2: {}

  undici-types@7.21.0: {}
